lockfileVersion: '9.0'

settings:
  autoInstallPeers: false
  excludeLinksFromLockfile: false

importers:

  .:
    devDependencies:
      oxlint:
        specifier: ^0.15.15
        version: 0.15.15
      preact:
        specifier: ^10.26.4
        version: 10.26.4
      typescript:
        specifier: ^5.8.2
        version: 5.8.2

packages:

  '@oxlint/darwin-arm64@0.15.15':
    resolution: {integrity: sha512-7GOyGM6D36lUhsOvavAVpF72SycPVG0Enunx0bzv8g0+9TklzOSFN3FJlZjLst14VPdZWujZMLgkQC7tOp+Rwg==}
    cpu: [arm64]
    os: [darwin]

  '@oxlint/darwin-x64@0.15.15':
    resolution: {integrity: sha512-pbrnYFwMn/fuX0z3IeQ05Nvo/b1zGxjmmWgkrQSDwYHxBxP6NT41hk1pmqkcA+v53xk9wvOa/6vBBI/U30F8Ow==}
    cpu: [x64]
    os: [darwin]

  '@oxlint/linux-arm64-gnu@0.15.15':
    resolution: {integrity: sha512-QWjG3YVsDlIvDTBUPmtPiyqP34ZQpFJqQh2JO94pBih11lFxQ0IGVMEXDhmW3WdiSFPZSJsZGzWynalM9eg+RA==}
    cpu: [arm64]
    os: [linux]

  '@oxlint/linux-arm64-musl@0.15.15':
    resolution: {integrity: sha512-4W0YsmMSbNzzExOWhk+6zNfmJEmKFqSjFIn8CKLtYFvH8kF6KjoW4/0HNsDNYW5Fz+KOut/2JgkvxAiKH+r0zA==}
    cpu: [arm64]
    os: [linux]

  '@oxlint/linux-x64-gnu@0.15.15':
    resolution: {integrity: sha512-agP3e+eQ6tE5tqN6VI4Uukx2yvjwYFjtrDMcB19J7PmGOaFRwuMuT0sNWK/9guvhuS9aCINNZTi3kEhMy9Qgng==}
    cpu: [x64]
    os: [linux]

  '@oxlint/linux-x64-musl@0.15.15':
    resolution: {integrity: sha512-L2qE9NhhUafsJOO4pofLx/0hW5IB0sfJa6bS85q0j+ySaI0f3CxMaAadrZLFSuqHWB3oF18B5yvzaPWsc2ohbQ==}
    cpu: [x64]
    os: [linux]

  '@oxlint/win32-arm64@0.15.15':
    resolution: {integrity: sha512-B7f4VAS/E78n8zy6XZlNeyYOtWTel4BJn/22Ap2yEAlNzO34ot8dGfpLk6MqTUWJrRnARwVBVmc3wRVrsOT5yg==}
    cpu: [arm64]
    os: [win32]

  '@oxlint/win32-x64@0.15.15':
    resolution: {integrity: sha512-ZM9T3/OpaQ3qvrk/VuHO2EQmhNH4cOZdr/b/Ju9VKwBr+ahhqMn3W5srrplWQWxfsb0yd1yBj7iD0jdAps2iLg==}
    cpu: [x64]
    os: [win32]

  oxlint@0.15.15:
    resolution: {integrity: sha512-oQNc1mAHrrbKiXyKJMGs9VCZfwGfLy7YiQKa4qupi71X/u4xyWqOh36YKXqWOXnmm2y7vfWFpGZlhJPAa9tMqA==}
    engines: {node: '>=8.*'}
    hasBin: true

  preact@10.26.4:
    resolution: {integrity: sha512-KJhO7LBFTjP71d83trW+Ilnjbo+ySsaAgCfXOXUlmGzJ4ygYPWmysm77yg4emwfmoz3b22yvH5IsVFHbhUaH5w==}

  typescript@5.8.2:
    resolution: {integrity: sha512-aJn6wq13/afZp/jT9QZmwEjDqqvSGp1VT5GVg+f/t6/oVyrgXM6BY1h9BRh/O5p3PlUPAe+WuiEZOmb/49RqoQ==}
    engines: {node: '>=14.17'}
    hasBin: true

snapshots:

  '@oxlint/darwin-arm64@0.15.15':
    optional: true

  '@oxlint/darwin-x64@0.15.15':
    optional: true

  '@oxlint/linux-arm64-gnu@0.15.15':
    optional: true

  '@oxlint/linux-arm64-musl@0.15.15':
    optional: true

  '@oxlint/linux-x64-gnu@0.15.15':
    optional: true

  '@oxlint/linux-x64-musl@0.15.15':
    optional: true

  '@oxlint/win32-arm64@0.15.15':
    optional: true

  '@oxlint/win32-x64@0.15.15':
    optional: true

  oxlint@0.15.15:
    optionalDependencies:
      '@oxlint/darwin-arm64': 0.15.15
      '@oxlint/darwin-x64': 0.15.15
      '@oxlint/linux-arm64-gnu': 0.15.15
      '@oxlint/linux-arm64-musl': 0.15.15
      '@oxlint/linux-x64-gnu': 0.15.15
      '@oxlint/linux-x64-musl': 0.15.15
      '@oxlint/win32-arm64': 0.15.15
      '@oxlint/win32-x64': 0.15.15

  preact@10.26.4: {}

  typescript@5.8.2: {}
