lockfileVersion: '9.0'

settings:
  autoInstallPeers: false
  excludeLinksFromLockfile: false

importers:

  .:
    devDependencies:
      oxlint:
        specifier: ^0.10.3
        version: 0.10.3
      preact:
        specifier: ^10.24.3
        version: 10.24.3
      typescript:
        specifier: ^5.6.3
        version: 5.6.3

packages:

  '@oxlint/darwin-arm64@0.10.3':
    resolution: {integrity: sha512-1zcWSqr9DmhbSrV1SEZRywp81CNq8ZidIcFGB8tGUMnlBNYiHnxyHHh2GIZsr1C2exmkBUGXruM1P8eQ9BWGuQ==}
    cpu: [arm64]
    os: [darwin]

  '@oxlint/darwin-x64@0.10.3':
    resolution: {integrity: sha512-lPAXCwYb+wZgjWAMhtPjGn7n1h8HvTulj6XCRyIgUu/aTGDRtnsae9IPXsJ9LJwYu5wyzkcWow0nhlIxkDaZ+w==}
    cpu: [x64]
    os: [darwin]

  '@oxlint/linux-arm64-gnu@0.10.3':
    resolution: {integrity: sha512-OmzpNVRwhjuI/RtoG4ROrwxRICTLoBB3ua4/Mh2iC3RelOog2xhlAAJHenKtzgQXNmebWof/0EckFpMfID7fMw==}
    cpu: [arm64]
    os: [linux]

  '@oxlint/linux-arm64-musl@0.10.3':
    resolution: {integrity: sha512-QQzlIW6rKOoGZK19gz/kbAbIFROJEV6ER0smcoBA7FzwsQ/ji796qx3TdITelgJwJt5x+OG5ZHztIjyzC871ZQ==}
    cpu: [arm64]
    os: [linux]

  '@oxlint/linux-x64-gnu@0.10.3':
    resolution: {integrity: sha512-m4ZUKsQNXxXmHUYBEaO7KN83DPVsLTq8KaRO4qj0Cs1RgD8O3YYCCDewVe8x/9yskQrCCTP4mL0G4IZgDJ3Gpg==}
    cpu: [x64]
    os: [linux]

  '@oxlint/linux-x64-musl@0.10.3':
    resolution: {integrity: sha512-XKvAUYxE9bHjvWE4wmOlIdaVQN7pzZAH3Rx1EFg0MfGBVjyDm+uf0P3so+gx2PowqvBnBneL9tth2AS3Bcjl6g==}
    cpu: [x64]
    os: [linux]

  '@oxlint/win32-arm64@0.10.3':
    resolution: {integrity: sha512-8xhYVvnwrveMHyXAgQAaDjJWFij4mZP6jtMlBIjk6pZSrjUzX+9o7Wh1zgH6kYApmcPDAzomYJLSYvyF5PzluA==}
    cpu: [arm64]
    os: [win32]

  '@oxlint/win32-x64@0.10.3':
    resolution: {integrity: sha512-dQiHruLd42aock1WHp5BFvRvaz+Pe436dQkcmlCVmInhmOjRpDEVKPUUWamrImV6S8VM63bn4Jp60vpprjJQdQ==}
    cpu: [x64]
    os: [win32]

  oxlint@0.10.3:
    resolution: {integrity: sha512-af5u5+s4adyszujeILPDRGwix0o5M1+qR1eqxNSmJhTKVRX7xdrT9s2rpNpMYxQmPyWRhC/+5Gqyb+f/PtbK9A==}
    engines: {node: '>=14.*'}
    hasBin: true

  preact@10.24.3:
    resolution: {integrity: sha512-Z2dPnBnMUfyQfSQ+GBdsGa16hz35YmLmtTLhM169uW944hYL6xzTYkJjC07j+Wosz733pMWx0fgON3JNw1jJQA==}

  typescript@5.6.3:
    resolution: {integrity: sha512-hjcS1mhfuyi4WW8IWtjP7brDrG2cuDZukyrYrSauoXGNgx0S7zceP07adYkJycEr56BOUTNPzbInooiN3fn1qw==}
    engines: {node: '>=14.17'}
    hasBin: true

snapshots:

  '@oxlint/darwin-arm64@0.10.3':
    optional: true

  '@oxlint/darwin-x64@0.10.3':
    optional: true

  '@oxlint/linux-arm64-gnu@0.10.3':
    optional: true

  '@oxlint/linux-arm64-musl@0.10.3':
    optional: true

  '@oxlint/linux-x64-gnu@0.10.3':
    optional: true

  '@oxlint/linux-x64-musl@0.10.3':
    optional: true

  '@oxlint/win32-arm64@0.10.3':
    optional: true

  '@oxlint/win32-x64@0.10.3':
    optional: true

  oxlint@0.10.3:
    optionalDependencies:
      '@oxlint/darwin-arm64': 0.10.3
      '@oxlint/darwin-x64': 0.10.3
      '@oxlint/linux-arm64-gnu': 0.10.3
      '@oxlint/linux-arm64-musl': 0.10.3
      '@oxlint/linux-x64-gnu': 0.10.3
      '@oxlint/linux-x64-musl': 0.10.3
      '@oxlint/win32-arm64': 0.10.3
      '@oxlint/win32-x64': 0.10.3

  preact@10.24.3: {}

  typescript@5.6.3: {}
